
Microsoft Visual Studio Solution File, Format Version 12.00
# Visual Studio 14
VisualStudioVersion = 14.0.25420.1
MinimumVisualStudioVersion = 10.0.40219.1
Project("{FAE04EC0-301F-11D3-BF4B-00C04F79EFBC}") = "Base", "Base\Base.csproj", "{E90F11B7-DD78-447A-BAE5-2678515037CD}"
	ProjectSection(ProjectDependencies) = postProject
		{9EF3DCB1-414A-486A-A85C-1E8435971EBF} = {9EF3DCB1-414A-486A-A85C-1E8435971EBF}
	EndProjectSection
EndProject
Project("{FAE04EC0-301F-11D3-BF4B-00C04F79EFBC}") = "Base.Services", "Services\Base.Services.csproj", "{9EF3DCB1-414A-486A-A85C-1E8435971EBF}"
	ProjectSection(ProjectDependencies) = postProject
		{C969F06C-EEF7-4AC7-9B73-35E628C29450} = {C969F06C-EEF7-4AC7-9B73-35E628C29450}
	EndProjectSection
EndProject
Project("{FAE04EC0-301F-11D3-BF4B-00C04F79EFBC}") = "Base.DAL", "Base.DAL\Base.DAL.csproj", "{C969F06C-EEF7-4AC7-9B73-35E628C29450}"
EndProject
Global
	GlobalSection(SolutionConfigurationPlatforms) = preSolution
		Debug|Any CPU = Debug|Any CPU
		Release|Any CPU = Release|Any CPU
	EndGlobalSection
	GlobalSection(ProjectConfigurationPlatforms) = postSolution
		{E90F11B7-DD78-447A-BAE5-2678515037CD}.Debug|Any CPU.ActiveCfg = Debug|Any CPU
		{E90F11B7-DD78-447A-BAE5-2678515037CD}.Debug|Any CPU.Build.0 = Debug|Any CPU
		{E90F11B7-DD78-447A-BAE5-2678515037CD}.Release|Any CPU.ActiveCfg = Release|Any CPU
		{E90F11B7-DD78-447A-BAE5-2678515037CD}.Release|Any CPU.Build.0 = Release|Any CPU
		{9EF3DCB1-414A-486A-A85C-1E8435971EBF}.Debug|Any CPU.ActiveCfg = Debug|Any CPU
		{9EF3DCB1-414A-486A-A85C-1E8435971EBF}.Debug|Any CPU.Build.0 = Debug|Any CPU
		{9EF3DCB1-414A-486A-A85C-1E8435971EBF}.Release|Any CPU.ActiveCfg = Release|Any CPU
		{9EF3DCB1-414A-486A-A85C-1E8435971EBF}.Release|Any CPU.Build.0 = Release|Any CPU
		{C969F06C-EEF7-4AC7-9B73-35E628C29450}.Debug|Any CPU.ActiveCfg = Debug|Any CPU
		{C969F06C-EEF7-4AC7-9B73-35E628C29450}.Debug|Any CPU.Build.0 = Debug|Any CPU
		{C969F06C-EEF7-4AC7-9B73-35E628C29450}.Release|Any CPU.ActiveCfg = Release|Any CPU
		{C969F06C-EEF7-4AC7-9B73-35E628C29450}.Release|Any CPU.Build.0 = Release|Any CPU
	EndGlobalSection
	GlobalSection(SolutionProperties) = preSolution
		HideSolutionNode = FALSE
	EndGlobalSection
EndGlobal
